<?xml version="1.0" encoding="utf-8"?>
<Project ToolsVersion="4.0" xmlns="http://schemas.microsoft.com/developer/msbuild/2003">
  <ItemGroup>
    <ClCompile Include="test_add.cc" />
    <ClCompile Include="test_byte_swap.cc" />
    <ClCompile Include="test_extract.cc" />
    <ClCompile Include="test_insert.cc" />
    <ClCompile Include="test_load_vector_shl_shr.cc" />
    <ClCompile Include="test_pack.cc" />
    <ClCompile Include="test_permute.cc" />
    <ClCompile Include="test_sha.cc" />
    <ClCompile Include="test_shl.cc" />
    <ClCompile Include="test_shr.cc" />
    <ClCompile Include="test_swizzle.cc" />
    <ClCompile Include="test_unpack.cc" />
    <ClCompile Include="test_vector_add.cc" />
    <ClCompile Include="test_vector_max.cc" />
    <ClCompile Include="test_vector_min.cc" />
    <ClCompile Include="test_vector_rotate_left.cc" />
    <ClCompile Include="test_vector_sha.cc" />
    <ClCompile Include="test_vector_shl.cc" />
    <ClCompile Include="test_vector_shr.cc" />
    <ClCompile Include="xe-cpu-hir-test.cc" />
    <ClCompile Include="..\..\base\main_win.cc">
      <Filter>src\xenia\base</Filter>
    </ClCompile>
  </ItemGroup>
  <ItemGroup>
    <ClInclude Include="util.h" />
    <ClInclude Include="..\..\base\main.h">
      <Filter>src\xenia\base</Filter>
    </ClInclude>
  </ItemGroup>
  <ItemGroup>
    <Filter Include="src">
      <UniqueIdentifier>{cd58f445-4d2f-452b-a5a0-1dd29a620341}</UniqueIdentifier>
    </Filter>
    <Filter Include="src\xenia">
      <UniqueIdentifier>{a43f8164-d83a-4ff6-83a4-1915664abbf9}</UniqueIdentifier>
    </Filter>
    <Filter Include="src\xenia\base">
      <UniqueIdentifier>{1bdcf344-57a7-4b58-93d6-3e860f50ad1b}</UniqueIdentifier>
    </Filter>
  </ItemGroup>
</Project>