<?xml version="1.0" encoding="utf-8"?>
<Project ToolsVersion="4.0" xmlns="http://schemas.microsoft.com/developer/msbuild/2003">
  <ItemGroup>
    <Filter Include="src">
      <UniqueIdentifier>{f20e4edb-dc80-4fb0-a1bf-76d2699f6358}</UniqueIdentifier>
    </Filter>
    <Filter Include="src\xenia">
      <UniqueIdentifier>{2417e637-a3df-4149-8365-1e4f5424df45}</UniqueIdentifier>
    </Filter>
    <Filter Include="src\xenia\base">
      <UniqueIdentifier>{3382641c-71e8-422c-afbf-fe45cbeb0ca3}</UniqueIdentifier>
    </Filter>
  </ItemGroup>
  <ItemGroup>
    <ClCompile Include="src\xenia\base\arena.cc">
      <Filter>src\xenia\base</Filter>
    </ClCompile>
    <ClCompile Include="src\xenia\base\clock.cc">
      <Filter>src\xenia\base</Filter>
    </ClCompile>
    <ClCompile Include="src\xenia\base\debugging_win.cc">
      <Filter>src\xenia\base</Filter>
    </ClCompile>
    <ClCompile Include="src\xenia\base\filesystem.cc">
      <Filter>src\xenia\base</Filter>
    </ClCompile>
    <ClCompile Include="src\xenia\base\filesystem_win.cc">
      <Filter>src\xenia\base</Filter>
    </ClCompile>
    <ClCompile Include="src\xenia\base\logging.cc">
      <Filter>src\xenia\base</Filter>
    </ClCompile>
    <ClCompile Include="src\xenia\base\mapped_memory_win.cc">
      <Filter>src\xenia\base</Filter>
    </ClCompile>
    <ClCompile Include="src\xenia\base\math.cc">
      <Filter>src\xenia\base</Filter>
    </ClCompile>
    <ClCompile Include="src\xenia\base\memory_generic.cc">
      <Filter>src\xenia\base</Filter>
    </ClCompile>
    <ClCompile Include="src\xenia\base\platform_win.cc">
      <Filter>src\xenia\base</Filter>
    </ClCompile>
    <ClCompile Include="src\xenia\base\ring_buffer.cc">
      <Filter>src\xenia\base</Filter>
    </ClCompile>
    <ClCompile Include="src\xenia\base\string.cc">
      <Filter>src\xenia\base</Filter>
    </ClCompile>
    <ClCompile Include="src\xenia\base\string_buffer.cc">
      <Filter>src\xenia\base</Filter>
    </ClCompile>
    <ClCompile Include="src\xenia\base\threading_win.cc">
      <Filter>src\xenia\base</Filter>
    </ClCompile>
    <ClCompile Include="src\xenia\base\clock_win.cc">
      <Filter>src\xenia\base</Filter>
    </ClCompile>
  </ItemGroup>
  <ItemGroup>
    <ClInclude Include="src\xenia\base\arena.h">
      <Filter>src\xenia\base</Filter>
    </ClInclude>
    <ClInclude Include="src\xenia\base\assert.h">
      <Filter>src\xenia\base</Filter>
    </ClInclude>
    <ClInclude Include="src\xenia\base\atomic.h">
      <Filter>src\xenia\base</Filter>
    </ClInclude>
    <ClInclude Include="src\xenia\base\byte_order.h">
      <Filter>src\xenia\base</Filter>
    </ClInclude>
    <ClInclude Include="src\xenia\base\clock.h">
      <Filter>src\xenia\base</Filter>
    </ClInclude>
    <ClInclude Include="src\xenia\base\debugging.h">
      <Filter>src\xenia\base</Filter>
    </ClInclude>
    <ClInclude Include="src\xenia\base\delegate.h">
      <Filter>src\xenia\base</Filter>
    </ClInclude>
    <ClInclude Include="src\xenia\base\filesystem.h">
      <Filter>src\xenia\base</Filter>
    </ClInclude>
    <ClInclude Include="src\xenia\base\logging.h">
      <Filter>src\xenia\base</Filter>
    </ClInclude>
    <ClInclude Include="src\xenia\base\mapped_memory.h">
      <Filter>src\xenia\base</Filter>
    </ClInclude>
    <ClInclude Include="src\xenia\base\math.h">
      <Filter>src\xenia\base</Filter>
    </ClInclude>
    <ClInclude Include="src\xenia\base\memory.h">
      <Filter>src\xenia\base</Filter>
    </ClInclude>
    <ClInclude Include="src\xenia\base\mutex.h">
      <Filter>src\xenia\base</Filter>
    </ClInclude>
    <ClInclude Include="src\xenia\base\platform.h">
      <Filter>src\xenia\base</Filter>
    </ClInclude>
    <ClInclude Include="src\xenia\base\reset_scope.h">
      <Filter>src\xenia\base</Filter>
    </ClInclude>
    <ClInclude Include="src\xenia\base\ring_buffer.h">
      <Filter>src\xenia\base</Filter>
    </ClInclude>
    <ClInclude Include="src\xenia\base\string.h">
      <Filter>src\xenia\base</Filter>
    </ClInclude>
    <ClInclude Include="src\xenia\base\string_buffer.h">
      <Filter>src\xenia\base</Filter>
    </ClInclude>
    <ClInclude Include="src\xenia\base\threading.h">
      <Filter>src\xenia\base</Filter>
    </ClInclude>
    <ClInclude Include="src\xenia\base\type_pool.h">
      <Filter>src\xenia\base</Filter>
    </ClInclude>
    <ClInclude Include="src\xenia\base\vec128.h">
      <Filter>src\xenia\base</Filter>
    </ClInclude>
    <ClInclude Include="src\xenia\base\platform_win.h">
      <Filter>src\xenia\base</Filter>
    </ClInclude>
  </ItemGroup>
</Project>