<?xml version="1.0" encoding="utf-8"?>
<Project ToolsVersion="4.0" xmlns="http://schemas.microsoft.com/developer/msbuild/2003">
  <ItemGroup>
    <Filter Include="Resource Files">
      <UniqueIdentifier>{67DA6AB6-F800-4c08-8B7A-83BB121AAD01}</UniqueIdentifier>
      <Extensions>rc;ico;cur;bmp;dlg;rc2;rct;bin;rgs;gif;jpg;jpeg;jpe;resx;tiff;tif;png;wav;mfcribbon-ms</Extensions>
    </Filter>
    <Filter Include="src">
      <UniqueIdentifier>{944458a3-c5a7-42f3-9330-1e24284524cc}</UniqueIdentifier>
    </Filter>
    <Filter Include="src\xenia">
      <UniqueIdentifier>{1f48c4ec-0864-4f6f-bc46-51d57f0650a8}</UniqueIdentifier>
    </Filter>
    <Filter Include="src\xenia\base">
      <UniqueIdentifier>{a3d918ab-c42b-469d-9950-ec4656b77b32}</UniqueIdentifier>
    </Filter>
    <Filter Include="src\xenia\app">
      <UniqueIdentifier>{2d31f471-6ba9-434c-88e6-5a4da1b4d67d}</UniqueIdentifier>
    </Filter>
  </ItemGroup>
  <ItemGroup>
    <ClCompile Include="src\xenia\base\main_win.cc">
      <Filter>src\xenia\base</Filter>
    </ClCompile>
    <ClCompile Include="src\xenia\app\emulator_window.cc">
      <Filter>src\xenia\app</Filter>
    </ClCompile>
    <ClCompile Include="src\xenia\app\xenia_main.cc">
      <Filter>src\xenia\app</Filter>
    </ClCompile>
  </ItemGroup>
  <ItemGroup>
    <ClInclude Include="src\xenia\base\main.h">
      <Filter>src\xenia\base</Filter>
    </ClInclude>
    <ClInclude Include="src\xenia\app\emulator_window.h">
      <Filter>src\xenia\app</Filter>
    </ClInclude>
  </ItemGroup>
  <ItemGroup>
    <ResourceCompile Include="src\xenia\app\main_resources.rc">
      <Filter>src\xenia\app</Filter>
    </ResourceCompile>
  </ItemGroup>
</Project>