
Microsoft Visual Studio Solution File, Format Version 12.00
# Visual Studio 14
VisualStudioVersion = 14.0.22823.1
MinimumVisualStudioVersion = 10.0.40219.1
Project("{8BC9CEB8-8B4A-11D0-8D11-00A0C91BC942}") = "xenia", "xenia.vcxproj", "{88F908AF-79A3-4ED4-87C7-A76368205264}"
	ProjectSection(ProjectDependencies) = postProject
		{AE4AF147-715A-4C24-8BFA-136332DED28F} = {AE4AF147-715A-4C24-8BFA-136332DED28F}
		{0CE149F6-41C3-4224-9E57-C02E8C7CD312} = {0CE149F6-41C3-4224-9E57-C02E8C7CD312}
		{838020F9-94AA-4314-996D-69B923C45D39} = {838020F9-94AA-4314-996D-69B923C45D39}
	EndProjectSection
EndProject
Project("{8BC9CEB8-8B4A-11D0-8D11-00A0C91BC942}") = "libxenia", "libxenia.vcxproj", "{0CE149F6-41C3-4224-9E57-C02E8C7CD312}"
	ProjectSection(ProjectDependencies) = postProject
		{AE4AF147-715A-4C24-8BFA-136332DED28F} = {AE4AF147-715A-4C24-8BFA-136332DED28F}
		{93533067-6449-4691-88A8-026EBCFDCA97} = {93533067-6449-4691-88A8-026EBCFDCA97}
		{156102D7-F2DD-4618-B2EB-2DFE607EE6DD} = {156102D7-F2DD-4618-B2EB-2DFE607EE6DD}
		{838020F9-94AA-4314-996D-69B923C45D39} = {838020F9-94AA-4314-996D-69B923C45D39}
	EndProjectSection
EndProject
Project("{2150E333-8FDC-42A3-9474-1A3956D46DE8}") = "third_party", "third_party", "{FCCBE57F-ECAE-420A-8A82-4B85F722C272}"
EndProject
Project("{2150E333-8FDC-42A3-9474-1A3956D46DE8}") = "testing", "testing", "{9C5BDD9E-831B-4AEE-957F-0E88ADED79C6}"
EndProject
Project("{8BC9CEB8-8B4A-11D0-8D11-00A0C91BC942}") = "libglew", "third_party\libglew.vcxproj", "{AE4AF147-715A-4C24-8BFA-136332DED28F}"
EndProject
Project("{8BC9CEB8-8B4A-11D0-8D11-00A0C91BC942}") = "libgflags", "third_party\libgflags.vcxproj", "{838020F9-94AA-4314-996D-69B923C45D39}"
EndProject
Project("{8BC9CEB8-8B4A-11D0-8D11-00A0C91BC942}") = "libimgui", "third_party\libimgui.vcxproj", "{CE3A80D4-12DB-4164-A050-67E5796A019B}"
	ProjectSection(ProjectDependencies) = postProject
		{AE4AF147-715A-4C24-8BFA-136332DED28F} = {AE4AF147-715A-4C24-8BFA-136332DED28F}
	EndProjectSection
EndProject
Project("{8BC9CEB8-8B4A-11D0-8D11-00A0C91BC942}") = "flatc", "third_party\flatc.vcxproj", "{D3069A06-62FC-479F-9F5C-23B4377481B0}"
EndProject
Project("{8BC9CEB8-8B4A-11D0-8D11-00A0C91BC942}") = "xe-cpu-hir-test", "src\xenia\cpu\test\xe-cpu-hir-test.vcxproj", "{6EC54AD0-4F5B-48D9-B820-43DF2F0DC83C}"
	ProjectSection(ProjectDependencies) = postProject
		{0CE149F6-41C3-4224-9E57-C02E8C7CD312} = {0CE149F6-41C3-4224-9E57-C02E8C7CD312}
	EndProjectSection
EndProject
Project("{8BC9CEB8-8B4A-11D0-8D11-00A0C91BC942}") = "xe-cpu-ppc-test", "src\xenia\cpu\frontend\test\xe-cpu-ppc-test.vcxproj", "{9B8AC22F-9147-490F-BE03-3B8BA31990A8}"
	ProjectSection(ProjectDependencies) = postProject
		{0CE149F6-41C3-4224-9E57-C02E8C7CD312} = {0CE149F6-41C3-4224-9E57-C02E8C7CD312}
	EndProjectSection
EndProject
Project("{2150E333-8FDC-42A3-9474-1A3956D46DE8}") = "debugging", "debugging", "{345BD157-B21D-4989-9CE4-FA3C90FFC095}"
EndProject
Project("{8BC9CEB8-8B4A-11D0-8D11-00A0C91BC942}") = "xe-gpu-trace-viewer", "src\xenia\gpu\xe-gpu-trace-viewer.vcxproj", "{21DDCB81-68A3-4AB2-8CB0-C2B051B9FDDC}"
	ProjectSection(ProjectDependencies) = postProject
		{AE4AF147-715A-4C24-8BFA-136332DED28F} = {AE4AF147-715A-4C24-8BFA-136332DED28F}
		{CE3A80D4-12DB-4164-A050-67E5796A019B} = {CE3A80D4-12DB-4164-A050-67E5796A019B}
		{0CE149F6-41C3-4224-9E57-C02E8C7CD312} = {0CE149F6-41C3-4224-9E57-C02E8C7CD312}
		{838020F9-94AA-4314-996D-69B923C45D39} = {838020F9-94AA-4314-996D-69B923C45D39}
	EndProjectSection
EndProject
Project("{8BC9CEB8-8B4A-11D0-8D11-00A0C91BC942}") = "xe-debug-ui", "src\xenia\debug\ui\xe-debug-ui.vcxproj", "{C5BA52F0-C86B-4817-921C-CCA257FC04BE}"
	ProjectSection(ProjectDependencies) = postProject
		{AE4AF147-715A-4C24-8BFA-136332DED28F} = {AE4AF147-715A-4C24-8BFA-136332DED28F}
		{156102D7-F2DD-4618-B2EB-2DFE607EE6DD} = {156102D7-F2DD-4618-B2EB-2DFE607EE6DD}
		{0CE149F6-41C3-4224-9E57-C02E8C7CD312} = {0CE149F6-41C3-4224-9E57-C02E8C7CD312}
		{838020F9-94AA-4314-996D-69B923C45D39} = {838020F9-94AA-4314-996D-69B923C45D39}
	EndProjectSection
EndProject
Project("{8BC9CEB8-8B4A-11D0-8D11-00A0C91BC942}") = "libxenia-base", "libxenia-base.vcxproj", "{93533067-6449-4691-88A8-026EBCFDCA97}"
EndProject
Project("{8BC9CEB8-8B4A-11D0-8D11-00A0C91BC942}") = "libelemental", "third_party\elemental-forms\libelemental.vcxproj", "{156102D7-F2DD-4618-B2EB-2DFE607EE6DD}"
EndProject
Project("{8BC9CEB8-8B4A-11D0-8D11-00A0C91BC942}") = "elemental-forms-demo", "third_party\elemental-forms\testbed\elemental-testbed.vcxproj", "{C3FDE1FE-1FCB-4156-BB37-2E38F5C2DFE7}"
EndProject
Global
	GlobalSection(SolutionConfigurationPlatforms) = preSolution
		Checked|x64 = Checked|x64
		Debug|x64 = Debug|x64
		Release|x64 = Release|x64
	EndGlobalSection
	GlobalSection(ProjectConfigurationPlatforms) = postSolution
		{88F908AF-79A3-4ED4-87C7-A76368205264}.Checked|x64.ActiveCfg = Checked|x64
		{88F908AF-79A3-4ED4-87C7-A76368205264}.Checked|x64.Build.0 = Checked|x64
		{88F908AF-79A3-4ED4-87C7-A76368205264}.Debug|x64.ActiveCfg = Debug|x64
		{88F908AF-79A3-4ED4-87C7-A76368205264}.Debug|x64.Build.0 = Debug|x64
		{88F908AF-79A3-4ED4-87C7-A76368205264}.Release|x64.ActiveCfg = Release|x64
		{88F908AF-79A3-4ED4-87C7-A76368205264}.Release|x64.Build.0 = Release|x64
		{0CE149F6-41C3-4224-9E57-C02E8C7CD312}.Checked|x64.ActiveCfg = Checked|x64
		{0CE149F6-41C3-4224-9E57-C02E8C7CD312}.Checked|x64.Build.0 = Checked|x64
		{0CE149F6-41C3-4224-9E57-C02E8C7CD312}.Debug|x64.ActiveCfg = Debug|x64
		{0CE149F6-41C3-4224-9E57-C02E8C7CD312}.Debug|x64.Build.0 = Debug|x64
		{0CE149F6-41C3-4224-9E57-C02E8C7CD312}.Release|x64.ActiveCfg = Release|x64
		{0CE149F6-41C3-4224-9E57-C02E8C7CD312}.Release|x64.Build.0 = Release|x64
		{AE4AF147-715A-4C24-8BFA-136332DED28F}.Checked|x64.ActiveCfg = Checked|x64
		{AE4AF147-715A-4C24-8BFA-136332DED28F}.Checked|x64.Build.0 = Checked|x64
		{AE4AF147-715A-4C24-8BFA-136332DED28F}.Debug|x64.ActiveCfg = Debug|x64
		{AE4AF147-715A-4C24-8BFA-136332DED28F}.Debug|x64.Build.0 = Debug|x64
		{AE4AF147-715A-4C24-8BFA-136332DED28F}.Release|x64.ActiveCfg = Release|x64
		{AE4AF147-715A-4C24-8BFA-136332DED28F}.Release|x64.Build.0 = Release|x64
		{838020F9-94AA-4314-996D-69B923C45D39}.Checked|x64.ActiveCfg = Checked|x64
		{838020F9-94AA-4314-996D-69B923C45D39}.Checked|x64.Build.0 = Checked|x64
		{838020F9-94AA-4314-996D-69B923C45D39}.Debug|x64.ActiveCfg = Debug|x64
		{838020F9-94AA-4314-996D-69B923C45D39}.Debug|x64.Build.0 = Debug|x64
		{838020F9-94AA-4314-996D-69B923C45D39}.Release|x64.ActiveCfg = Release|x64
		{838020F9-94AA-4314-996D-69B923C45D39}.Release|x64.Build.0 = Release|x64
		{CE3A80D4-12DB-4164-A050-67E5796A019B}.Checked|x64.ActiveCfg = Checked|x64
		{CE3A80D4-12DB-4164-A050-67E5796A019B}.Checked|x64.Build.0 = Checked|x64
		{CE3A80D4-12DB-4164-A050-67E5796A019B}.Debug|x64.ActiveCfg = Debug|x64
		{CE3A80D4-12DB-4164-A050-67E5796A019B}.Debug|x64.Build.0 = Debug|x64
		{CE3A80D4-12DB-4164-A050-67E5796A019B}.Release|x64.ActiveCfg = Release|x64
		{CE3A80D4-12DB-4164-A050-67E5796A019B}.Release|x64.Build.0 = Release|x64
		{D3069A06-62FC-479F-9F5C-23B4377481B0}.Checked|x64.ActiveCfg = Checked|x64
		{D3069A06-62FC-479F-9F5C-23B4377481B0}.Checked|x64.Build.0 = Checked|x64
		{D3069A06-62FC-479F-9F5C-23B4377481B0}.Debug|x64.ActiveCfg = Debug|x64
		{D3069A06-62FC-479F-9F5C-23B4377481B0}.Debug|x64.Build.0 = Debug|x64
		{D3069A06-62FC-479F-9F5C-23B4377481B0}.Release|x64.ActiveCfg = Release|x64
		{D3069A06-62FC-479F-9F5C-23B4377481B0}.Release|x64.Build.0 = Release|x64
		{6EC54AD0-4F5B-48D9-B820-43DF2F0DC83C}.Checked|x64.ActiveCfg = Checked|x64
		{6EC54AD0-4F5B-48D9-B820-43DF2F0DC83C}.Checked|x64.Build.0 = Checked|x64
		{6EC54AD0-4F5B-48D9-B820-43DF2F0DC83C}.Debug|x64.ActiveCfg = Debug|x64
		{6EC54AD0-4F5B-48D9-B820-43DF2F0DC83C}.Debug|x64.Build.0 = Debug|x64
		{6EC54AD0-4F5B-48D9-B820-43DF2F0DC83C}.Release|x64.ActiveCfg = Release|x64
		{6EC54AD0-4F5B-48D9-B820-43DF2F0DC83C}.Release|x64.Build.0 = Release|x64
		{9B8AC22F-9147-490F-BE03-3B8BA31990A8}.Checked|x64.ActiveCfg = Checked|x64
		{9B8AC22F-9147-490F-BE03-3B8BA31990A8}.Checked|x64.Build.0 = Checked|x64
		{9B8AC22F-9147-490F-BE03-3B8BA31990A8}.Debug|x64.ActiveCfg = Debug|x64
		{9B8AC22F-9147-490F-BE03-3B8BA31990A8}.Debug|x64.Build.0 = Debug|x64
		{9B8AC22F-9147-490F-BE03-3B8BA31990A8}.Release|x64.ActiveCfg = Release|x64
		{9B8AC22F-9147-490F-BE03-3B8BA31990A8}.Release|x64.Build.0 = Release|x64
		{21DDCB81-68A3-4AB2-8CB0-C2B051B9FDDC}.Checked|x64.ActiveCfg = Debug|x64
		{21DDCB81-68A3-4AB2-8CB0-C2B051B9FDDC}.Checked|x64.Build.0 = Debug|x64
		{21DDCB81-68A3-4AB2-8CB0-C2B051B9FDDC}.Debug|x64.ActiveCfg = Debug|x64
		{21DDCB81-68A3-4AB2-8CB0-C2B051B9FDDC}.Debug|x64.Build.0 = Debug|x64
		{21DDCB81-68A3-4AB2-8CB0-C2B051B9FDDC}.Release|x64.ActiveCfg = Release|x64
		{21DDCB81-68A3-4AB2-8CB0-C2B051B9FDDC}.Release|x64.Build.0 = Release|x64
		{C5BA52F0-C86B-4817-921C-CCA257FC04BE}.Checked|x64.ActiveCfg = Debug|x64
		{C5BA52F0-C86B-4817-921C-CCA257FC04BE}.Checked|x64.Build.0 = Debug|x64
		{C5BA52F0-C86B-4817-921C-CCA257FC04BE}.Debug|x64.ActiveCfg = Debug|x64
		{C5BA52F0-C86B-4817-921C-CCA257FC04BE}.Debug|x64.Build.0 = Debug|x64
		{C5BA52F0-C86B-4817-921C-CCA257FC04BE}.Release|x64.ActiveCfg = Release|x64
		{C5BA52F0-C86B-4817-921C-CCA257FC04BE}.Release|x64.Build.0 = Release|x64
		{93533067-6449-4691-88A8-026EBCFDCA97}.Checked|x64.ActiveCfg = Checked|x64
		{93533067-6449-4691-88A8-026EBCFDCA97}.Checked|x64.Build.0 = Checked|x64
		{93533067-6449-4691-88A8-026EBCFDCA97}.Debug|x64.ActiveCfg = Debug|x64
		{93533067-6449-4691-88A8-026EBCFDCA97}.Debug|x64.Build.0 = Debug|x64
		{93533067-6449-4691-88A8-026EBCFDCA97}.Release|x64.ActiveCfg = Release|x64
		{93533067-6449-4691-88A8-026EBCFDCA97}.Release|x64.Build.0 = Release|x64
		{156102D7-F2DD-4618-B2EB-2DFE607EE6DD}.Checked|x64.ActiveCfg = Checked|x64
		{156102D7-F2DD-4618-B2EB-2DFE607EE6DD}.Checked|x64.Build.0 = Checked|x64
		{156102D7-F2DD-4618-B2EB-2DFE607EE6DD}.Debug|x64.ActiveCfg = Debug|x64
		{156102D7-F2DD-4618-B2EB-2DFE607EE6DD}.Debug|x64.Build.0 = Debug|x64
		{156102D7-F2DD-4618-B2EB-2DFE607EE6DD}.Release|x64.ActiveCfg = Release|x64
		{156102D7-F2DD-4618-B2EB-2DFE607EE6DD}.Release|x64.Build.0 = Release|x64
		{C3FDE1FE-1FCB-4156-BB37-2E38F5C2DFE7}.Checked|x64.ActiveCfg = Checked|x64
		{C3FDE1FE-1FCB-4156-BB37-2E38F5C2DFE7}.Checked|x64.Build.0 = Checked|x64
		{C3FDE1FE-1FCB-4156-BB37-2E38F5C2DFE7}.Debug|x64.ActiveCfg = Debug|x64
		{C3FDE1FE-1FCB-4156-BB37-2E38F5C2DFE7}.Debug|x64.Build.0 = Debug|x64
		{C3FDE1FE-1FCB-4156-BB37-2E38F5C2DFE7}.Release|x64.ActiveCfg = Release|x64
		{C3FDE1FE-1FCB-4156-BB37-2E38F5C2DFE7}.Release|x64.Build.0 = Release|x64
	EndGlobalSection
	GlobalSection(SolutionProperties) = preSolution
		HideSolutionNode = FALSE
	EndGlobalSection
	GlobalSection(NestedProjects) = preSolution
		{AE4AF147-715A-4C24-8BFA-136332DED28F} = {FCCBE57F-ECAE-420A-8A82-4B85F722C272}
		{838020F9-94AA-4314-996D-69B923C45D39} = {FCCBE57F-ECAE-420A-8A82-4B85F722C272}
		{CE3A80D4-12DB-4164-A050-67E5796A019B} = {FCCBE57F-ECAE-420A-8A82-4B85F722C272}
		{D3069A06-62FC-479F-9F5C-23B4377481B0} = {FCCBE57F-ECAE-420A-8A82-4B85F722C272}
		{6EC54AD0-4F5B-48D9-B820-43DF2F0DC83C} = {9C5BDD9E-831B-4AEE-957F-0E88ADED79C6}
		{9B8AC22F-9147-490F-BE03-3B8BA31990A8} = {9C5BDD9E-831B-4AEE-957F-0E88ADED79C6}
		{21DDCB81-68A3-4AB2-8CB0-C2B051B9FDDC} = {345BD157-B21D-4989-9CE4-FA3C90FFC095}
		{C5BA52F0-C86B-4817-921C-CCA257FC04BE} = {345BD157-B21D-4989-9CE4-FA3C90FFC095}
		{156102D7-F2DD-4618-B2EB-2DFE607EE6DD} = {FCCBE57F-ECAE-420A-8A82-4B85F722C272}
		{C3FDE1FE-1FCB-4156-BB37-2E38F5C2DFE7} = {9C5BDD9E-831B-4AEE-957F-0E88ADED79C6}
	EndGlobalSection
EndGlobal
