<?xml version="1.0" encoding="utf-8"?>
<Project ToolsVersion="4.0" xmlns="http://schemas.microsoft.com/developer/msbuild/2003">
  <ItemGroup>
    <Filter Include="src">
      <UniqueIdentifier>{52d1c314-7464-4640-bee4-59b30d2b2df4}</UniqueIdentifier>
    </Filter>
    <Filter Include="src\xenia">
      <UniqueIdentifier>{f8d1867c-424d-4942-ba97-a7b29fa8c87c}</UniqueIdentifier>
    </Filter>
    <Filter Include="src\xenia\debug">
      <UniqueIdentifier>{1b70e26e-0024-410f-b27f-ceaba190d5a9}</UniqueIdentifier>
    </Filter>
    <Filter Include="src\xenia\debug\ui">
      <UniqueIdentifier>{9b5a4bce-210a-4488-863a-9175f0543d00}</UniqueIdentifier>
    </Filter>
    <Filter Include="src\xenia\base">
      <UniqueIdentifier>{9a5724c2-5473-4d53-93b4-26531201f38d}</UniqueIdentifier>
    </Filter>
    <Filter Include="src\xenia\debug\ui\elements">
      <UniqueIdentifier>{f0ac4999-4700-4b41-b73d-c6dc8b23c5e6}</UniqueIdentifier>
    </Filter>
    <Filter Include="src\xenia\debug\ui\views">
      <UniqueIdentifier>{5601b0a2-a720-4d89-9fca-df1637fce0b1}</UniqueIdentifier>
    </Filter>
    <Filter Include="src\xenia\debug\ui\views\cpu">
      <UniqueIdentifier>{5b186e9a-1fef-42f5-b06b-2ac0b10a8a5b}</UniqueIdentifier>
    </Filter>
    <Filter Include="src\xenia\debug\ui\views\gpu">
      <UniqueIdentifier>{c66e9a6b-0947-4610-9b2b-29db99c08e91}</UniqueIdentifier>
    </Filter>
  </ItemGroup>
  <ItemGroup>
    <ClInclude Include="..\..\base\main.h">
      <Filter>src\xenia\base</Filter>
    </ClInclude>
    <ClInclude Include="main_window.h">
      <Filter>src\xenia\debug\ui</Filter>
    </ClInclude>
    <ClInclude Include="application.h">
      <Filter>src\xenia\debug\ui</Filter>
    </ClInclude>
    <ClInclude Include="view.h">
      <Filter>src\xenia\debug\ui</Filter>
    </ClInclude>
    <ClInclude Include="views\gpu\gpu_view.h">
      <Filter>src\xenia\debug\ui\views\gpu</Filter>
    </ClInclude>
    <ClInclude Include="views\cpu\cpu_view.h">
      <Filter>src\xenia\debug\ui\views\cpu</Filter>
    </ClInclude>
  </ItemGroup>
  <ItemGroup>
    <ClCompile Include="..\..\base\main_win.cc">
      <Filter>src\xenia\base</Filter>
    </ClCompile>
    <ClCompile Include="xe-debug-ui.cc">
      <Filter>src\xenia\debug\ui</Filter>
    </ClCompile>
    <ClCompile Include="main_window.cc">
      <Filter>src\xenia\debug\ui</Filter>
    </ClCompile>
    <ClCompile Include="application.cc">
      <Filter>src\xenia\debug\ui</Filter>
    </ClCompile>
    <ClCompile Include="views\gpu\gpu_view.cc">
      <Filter>src\xenia\debug\ui\views\gpu</Filter>
    </ClCompile>
    <ClCompile Include="views\cpu\cpu_view.cc">
      <Filter>src\xenia\debug\ui\views\cpu</Filter>
    </ClCompile>
  </ItemGroup>
  <ItemGroup>
    <ResourceCompile Include="resources.rc">
      <Filter>src\xenia\debug\ui</Filter>
    </ResourceCompile>
  </ItemGroup>
</Project>