<?xml version="1.0" encoding="utf-8"?>
<Project ToolsVersion="4.0" xmlns="http://schemas.microsoft.com/developer/msbuild/2003">
  <ItemGroup>
    <ClCompile Include="xe-cpu-ppc-test.cc" />
    <ClCompile Include="..\..\..\base\main_win.cc">
      <Filter>src\xenia\base</Filter>
    </ClCompile>
  </ItemGroup>
  <ItemGroup>
    <None Include="instr_vupklsh.s" />
    <None Include="instr_add.s" />
    <None Include="instr_addc.s" />
    <None Include="instr_adde.s" />
    <None Include="instr_addic.s" />
    <None Include="instr_addme.s" />
    <None Include="instr_addze.s" />
    <None Include="instr_cntlzd.s" />
    <None Include="instr_cntlzw.s" />
    <None Include="instr_divd.s" />
    <None Include="instr_divdu.s" />
    <None Include="instr_divw.s" />
    <None Include="instr_divwu.s" />
    <None Include="instr_eqv.s" />
    <None Include="instr_fabs.s" />
    <None Include="instr_fsel.s" />
    <None Include="instr_lvexx.s" />
    <None Include="instr_lvl.s" />
    <None Include="instr_lvr.s" />
    <None Include="instr_lvsl.s" />
    <None Include="instr_lvsr.s" />
    <None Include="instr_mulhd.s" />
    <None Include="instr_mulhdu.s" />
    <None Include="instr_mulhw.s" />
    <None Include="instr_mulhwu.s" />
    <None Include="instr_mulld.s" />
    <None Include="instr_mulli.s" />
    <None Include="instr_mullw.s" />
    <None Include="instr_neg.s" />
    <None Include="instr_nor.s" />
    <None Include="instr_ori.s" />
    <None Include="instr_rldicl.s" />
    <None Include="instr_rldicr.s" />
    <None Include="instr_rlwimi.s" />
    <None Include="instr_rlwinm.s" />
    <None Include="instr_rlwnm.s" />
    <None Include="instr_sld.s" />
    <None Include="instr_slw.s" />
    <None Include="instr_srad.s" />
    <None Include="instr_sradi.s" />
    <None Include="instr_sraw.s" />
    <None Include="instr_srawi.s" />
    <None Include="instr_srd.s" />
    <None Include="instr_srw.s" />
    <None Include="instr_stvew.s" />
    <None Include="instr_stvl.s" />
    <None Include="instr_stvr.s" />
    <None Include="instr_subf.s" />
    <None Include="instr_subfc.s" />
    <None Include="instr_subfe.s" />
    <None Include="instr_subfic.s" />
    <None Include="instr_subfme.s" />
    <None Include="instr_subfze.s" />
    <None Include="instr_vaddshs.s" />
    <None Include="instr_vadduhm.s" />
    <None Include="instr_vcfsx.s" />
    <None Include="instr_vcmpxxfp.s" />
    <None Include="instr_vctsxs.s" />
    <None Include="instr_vmrghb.s" />
    <None Include="instr_vmrghh.s" />
    <None Include="instr_vmrghw.s" />
    <None Include="instr_vmrglb.s" />
    <None Include="instr_vmrglh.s" />
    <None Include="instr_vmrglw.s" />
    <None Include="instr_vperm.s" />
    <None Include="instr_vpermwi128.s" />
    <None Include="instr_vpkd3d128.s" />
    <None Include="instr_vpkshss.s" />
    <None Include="instr_vpkswss.s" />
    <None Include="instr_vrfin.s" />
    <None Include="instr_vrlimi128.s" />
    <None Include="instr_vsel.s" />
    <None Include="instr_vslb.s" />
    <None Include="instr_vsldoi.s" />
    <None Include="instr_vslh.s" />
    <None Include="instr_vslw.s" />
    <None Include="instr_vspltb.s" />
    <None Include="instr_vsplth.s" />
    <None Include="instr_vspltisb.s" />
    <None Include="instr_vspltish.s" />
    <None Include="instr_vspltisw.s" />
    <None Include="instr_vspltw.s" />
    <None Include="instr_vsubshs.s" />
    <None Include="instr_vsubuhm.s" />
    <None Include="instr_vupkd3d128.s" />
    <None Include="instr_vupkhsh.s" />
    <None Include="instr_fnabs.s" />
  </ItemGroup>
  <ItemGroup>
    <Filter Include="src">
      <UniqueIdentifier>{3beca96a-ec9a-4570-8873-3de8c124862f}</UniqueIdentifier>
    </Filter>
    <Filter Include="src\xenia">
      <UniqueIdentifier>{eeea8b16-cc79-4e53-80a4-6db3089e6db9}</UniqueIdentifier>
    </Filter>
    <Filter Include="src\xenia\base">
      <UniqueIdentifier>{459f7c23-b556-4300-b16d-8f86063c8e1a}</UniqueIdentifier>
    </Filter>
  </ItemGroup>
  <ItemGroup>
    <ClInclude Include="..\..\..\base\main.h">
      <Filter>src\xenia\base</Filter>
    </ClInclude>
  </ItemGroup>
</Project>