<?xml version="1.0" encoding="utf-8"?>
<Project ToolsVersion="4.0" xmlns="http://schemas.microsoft.com/developer/msbuild/2003">
  <ItemGroup>
    <Filter Include="src">
      <UniqueIdentifier>{e3dfb6f1-ec4a-4b58-9a57-0d6eeadd01af}</UniqueIdentifier>
    </Filter>
    <Filter Include="src\xenia">
      <UniqueIdentifier>{be07fbff-bc38-4314-9ba0-821ae4e46026}</UniqueIdentifier>
    </Filter>
    <Filter Include="src\xenia\base">
      <UniqueIdentifier>{13989fe7-adab-418c-be97-298171bea0ec}</UniqueIdentifier>
    </Filter>
    <Filter Include="src\xenia\gpu">
      <UniqueIdentifier>{06641461-811b-44ff-be49-f013a39eb662}</UniqueIdentifier>
    </Filter>
  </ItemGroup>
  <ItemGroup>
    <ClCompile Include="..\base\main_win.cc">
      <Filter>src\xenia\base</Filter>
    </ClCompile>
    <ClCompile Include="trace_viewer_main.cc">
      <Filter>src\xenia\gpu</Filter>
    </ClCompile>
  </ItemGroup>
  <ItemGroup>
    <ClInclude Include="..\base\main.h">
      <Filter>src\xenia\base</Filter>
    </ClInclude>
  </ItemGroup>
</Project>