<?xml version="1.0" encoding="utf-8"?>
<Project ToolsVersion="4.0" xmlns="http://schemas.microsoft.com/developer/msbuild/2003">
  <ItemGroup>
    <Filter Include="third_party">
      <UniqueIdentifier>{f0462696-4abd-4dc9-8290-aafff5ca6158}</UniqueIdentifier>
    </Filter>
    <Filter Include="src">
      <UniqueIdentifier>{1a3b1c52-32cb-477e-9008-f2f9a6171c8c}</UniqueIdentifier>
    </Filter>
    <Filter Include="src\xenia">
      <UniqueIdentifier>{5fb51b29-2462-49de-89c1-e332aafa0ca9}</UniqueIdentifier>
    </Filter>
    <Filter Include="src\xenia\debug">
      <UniqueIdentifier>{15585f2e-55a4-4af5-bb24-6d6649d74ed0}</UniqueIdentifier>
    </Filter>
    <Filter Include="third_party\capstone">
      <UniqueIdentifier>{920bc92f-e430-4c48-86dd-1a697c9a5fd1}</UniqueIdentifier>
    </Filter>
    <Filter Include="third_party\capstone\include">
      <UniqueIdentifier>{d26b9a34-94fd-493b-841e-2ae2561bc584}</UniqueIdentifier>
    </Filter>
    <Filter Include="third_party\capstone\arch">
      <UniqueIdentifier>{c9adeb1a-189d-4877-9bbd-c9948401b63e}</UniqueIdentifier>
    </Filter>
    <Filter Include="third_party\capstone\arch\X86">
      <UniqueIdentifier>{4e8ea226-a18e-413a-95bd-6b3e5f4f8460}</UniqueIdentifier>
    </Filter>
    <Filter Include="src\Xenia.Debug.Native">
      <UniqueIdentifier>{fc34f72d-e3c6-4fe7-9645-7b422ffaad57}</UniqueIdentifier>
    </Filter>
    <Filter Include="src\xenia\debug\native">
      <UniqueIdentifier>{e530b0a2-9f4a-4b85-aee8-7185042251b1}</UniqueIdentifier>
    </Filter>
    <Filter Include="src\xenia\base">
      <UniqueIdentifier>{3945623c-9ad7-4f3e-9918-b31ede4e115f}</UniqueIdentifier>
    </Filter>
    <Filter Include="src\xenia\cpu">
      <UniqueIdentifier>{796d5778-3fc4-42b0-b59a-39340f5b7989}</UniqueIdentifier>
    </Filter>
    <Filter Include="src\xenia\cpu\frontend">
      <UniqueIdentifier>{d4d6e5f8-e3d4-424e-b195-77fc1b3f5590}</UniqueIdentifier>
    </Filter>
  </ItemGroup>
  <ItemGroup>
    <ClInclude Include="..\..\third_party\capstone\cs_priv.h">
      <Filter>third_party\capstone</Filter>
    </ClInclude>
    <ClInclude Include="..\..\third_party\capstone\LEB128.h">
      <Filter>third_party\capstone</Filter>
    </ClInclude>
    <ClInclude Include="..\..\third_party\capstone\MathExtras.h">
      <Filter>third_party\capstone</Filter>
    </ClInclude>
    <ClInclude Include="..\..\third_party\capstone\MCDisassembler.h">
      <Filter>third_party\capstone</Filter>
    </ClInclude>
    <ClInclude Include="..\..\third_party\capstone\MCFixedLenDisassembler.h">
      <Filter>third_party\capstone</Filter>
    </ClInclude>
    <ClInclude Include="..\..\third_party\capstone\MCInst.h">
      <Filter>third_party\capstone</Filter>
    </ClInclude>
    <ClInclude Include="..\..\third_party\capstone\MCInstrDesc.h">
      <Filter>third_party\capstone</Filter>
    </ClInclude>
    <ClInclude Include="..\..\third_party\capstone\MCRegisterInfo.h">
      <Filter>third_party\capstone</Filter>
    </ClInclude>
    <ClInclude Include="..\..\third_party\capstone\myinttypes.h">
      <Filter>third_party\capstone</Filter>
    </ClInclude>
    <ClInclude Include="..\..\third_party\capstone\SStream.h">
      <Filter>third_party\capstone</Filter>
    </ClInclude>
    <ClInclude Include="..\..\third_party\capstone\utils.h">
      <Filter>third_party\capstone</Filter>
    </ClInclude>
    <ClInclude Include="..\..\third_party\capstone\include\capstone.h">
      <Filter>third_party\capstone\include</Filter>
    </ClInclude>
    <ClInclude Include="..\..\third_party\capstone\include\platform.h">
      <Filter>third_party\capstone\include</Filter>
    </ClInclude>
    <ClInclude Include="..\..\third_party\capstone\include\x86.h">
      <Filter>third_party\capstone\include</Filter>
    </ClInclude>
    <ClInclude Include="..\..\third_party\capstone\arch\X86\X86BaseInfo.h">
      <Filter>third_party\capstone\arch\X86</Filter>
    </ClInclude>
    <ClInclude Include="..\..\third_party\capstone\arch\X86\X86Disassembler.h">
      <Filter>third_party\capstone\arch\X86</Filter>
    </ClInclude>
    <ClInclude Include="..\..\third_party\capstone\arch\X86\X86DisassemblerDecoder.h">
      <Filter>third_party\capstone\arch\X86</Filter>
    </ClInclude>
    <ClInclude Include="..\..\third_party\capstone\arch\X86\X86DisassemblerDecoderCommon.h">
      <Filter>third_party\capstone\arch\X86</Filter>
    </ClInclude>
    <ClInclude Include="..\..\third_party\capstone\arch\X86\X86InstPrinter.h">
      <Filter>third_party\capstone\arch\X86</Filter>
    </ClInclude>
    <ClInclude Include="..\..\third_party\capstone\arch\X86\X86Mapping.h">
      <Filter>third_party\capstone\arch\X86</Filter>
    </ClInclude>
    <ClInclude Include="..\xenia\base\string_buffer.h">
      <Filter>src\xenia\base</Filter>
    </ClInclude>
    <ClInclude Include="..\xenia\cpu\frontend\ppc_disasm.h">
      <Filter>src\xenia\cpu\frontend</Filter>
    </ClInclude>
    <ClInclude Include="..\xenia\cpu\frontend\ppc_instr.h">
      <Filter>src\xenia\cpu\frontend</Filter>
    </ClInclude>
    <ClInclude Include="..\xenia\base\assert.h">
      <Filter>src\xenia\base</Filter>
    </ClInclude>
    <ClInclude Include="..\xenia\base\math.h">
      <Filter>src\xenia\base</Filter>
    </ClInclude>
    <ClInclude Include="disassembler.h">
      <Filter>src\Xenia.Debug.Native</Filter>
    </ClInclude>
    <ClInclude Include="..\xenia\cpu\frontend\ppc_instr_tables.h">
      <Filter>src\xenia\cpu\frontend</Filter>
    </ClInclude>
    <ClInclude Include="..\xenia\base\byte_order.h">
      <Filter>src\xenia\base</Filter>
    </ClInclude>
  </ItemGroup>
  <ItemGroup>
    <ClCompile Include="..\..\third_party\capstone\cs.c">
      <Filter>third_party\capstone</Filter>
    </ClCompile>
    <ClCompile Include="..\..\third_party\capstone\MCInst.c">
      <Filter>third_party\capstone</Filter>
    </ClCompile>
    <ClCompile Include="..\..\third_party\capstone\MCInstrDesc.c">
      <Filter>third_party\capstone</Filter>
    </ClCompile>
    <ClCompile Include="..\..\third_party\capstone\MCRegisterInfo.c">
      <Filter>third_party\capstone</Filter>
    </ClCompile>
    <ClCompile Include="..\..\third_party\capstone\SStream.c">
      <Filter>third_party\capstone</Filter>
    </ClCompile>
    <ClCompile Include="..\..\third_party\capstone\utils.c">
      <Filter>third_party\capstone</Filter>
    </ClCompile>
    <ClCompile Include="..\..\third_party\capstone\arch\X86\X86Disassembler.c">
      <Filter>third_party\capstone\arch\X86</Filter>
    </ClCompile>
    <ClCompile Include="..\..\third_party\capstone\arch\X86\X86DisassemblerDecoder.c">
      <Filter>third_party\capstone\arch\X86</Filter>
    </ClCompile>
    <ClCompile Include="..\..\third_party\capstone\arch\X86\X86IntelInstPrinter.c">
      <Filter>third_party\capstone\arch\X86</Filter>
    </ClCompile>
    <ClCompile Include="..\..\third_party\capstone\arch\X86\X86Mapping.c">
      <Filter>third_party\capstone\arch\X86</Filter>
    </ClCompile>
    <ClCompile Include="..\..\third_party\capstone\arch\X86\X86Module.c">
      <Filter>third_party\capstone\arch\X86</Filter>
    </ClCompile>
    <ClCompile Include="assembly_info.cc">
      <Filter>src\Xenia.Debug.Native</Filter>
    </ClCompile>
    <ClCompile Include="..\xenia\base\string_buffer.cc">
      <Filter>src\xenia\base</Filter>
    </ClCompile>
    <ClCompile Include="..\xenia\cpu\frontend\ppc_disasm.cc">
      <Filter>src\xenia\cpu\frontend</Filter>
    </ClCompile>
    <ClCompile Include="disassembler.cc">
      <Filter>src\Xenia.Debug.Native</Filter>
    </ClCompile>
    <ClCompile Include="..\xenia\cpu\frontend\ppc_instr.cc">
      <Filter>src\xenia\cpu\frontend</Filter>
    </ClCompile>
  </ItemGroup>
  <ItemGroup>
    <None Include="..\..\third_party\capstone\arch\X86\X86GenAsmWriter.inc">
      <Filter>third_party\capstone\arch\X86</Filter>
    </None>
    <None Include="..\..\third_party\capstone\arch\X86\X86GenAsmWriter_reduce.inc">
      <Filter>third_party\capstone\arch\X86</Filter>
    </None>
    <None Include="..\..\third_party\capstone\arch\X86\X86GenAsmWriter1.inc">
      <Filter>third_party\capstone\arch\X86</Filter>
    </None>
    <None Include="..\..\third_party\capstone\arch\X86\X86GenAsmWriter1_reduce.inc">
      <Filter>third_party\capstone\arch\X86</Filter>
    </None>
    <None Include="..\..\third_party\capstone\arch\X86\X86GenDisassemblerTables.inc">
      <Filter>third_party\capstone\arch\X86</Filter>
    </None>
    <None Include="..\..\third_party\capstone\arch\X86\X86GenDisassemblerTables_reduce.inc">
      <Filter>third_party\capstone\arch\X86</Filter>
    </None>
    <None Include="..\..\third_party\capstone\arch\X86\X86GenInstrInfo.inc">
      <Filter>third_party\capstone\arch\X86</Filter>
    </None>
    <None Include="..\..\third_party\capstone\arch\X86\X86GenInstrInfo_reduce.inc">
      <Filter>third_party\capstone\arch\X86</Filter>
    </None>
    <None Include="..\..\third_party\capstone\arch\X86\X86GenRegisterInfo.inc">
      <Filter>third_party\capstone\arch\X86</Filter>
    </None>
  </ItemGroup>
</Project>